
Microsoft Visual Studio Solution File, Format Version 12.00
# Visual Studio 2013
VisualStudioVersion = 12.0.21005.1
MinimumVisualStudioVersion = 10.0.40219.1
Project("{FAE04EC0-301F-11D3-BF4B-00C04F79EFBC}") = "VideoPlayer", "VideoPlayer\VideoPlayer.csproj", "{47420417-9917-49E9-8052-5F2A2E5373C2}"
EndProject
Project("{FAE04EC0-301F-11D3-BF4B-00C04F79EFBC}") = "MediaControl", "MediaControl\MediaControl.csproj", "{FD84E9FE-10B0-48EF-8B51-EFC0DAEF5608}"
EndProject
Global
	GlobalSection(SolutionConfigurationPlatforms) = preSolution
		Debug|Any CPU = Debug|Any CPU
		Release|Any CPU = Release|Any CPU
	EndGlobalSection
	GlobalSection(ProjectConfigurationPlatforms) = postSolution
		{47420417-9917-49E9-8052-5F2A2E5373C2}.Debug|Any CPU.ActiveCfg = Debug|Any CPU
		{47420417-9917-49E9-8052-5F2A2E5373C2}.Debug|Any CPU.Build.0 = Debug|Any CPU
		{47420417-9917-49E9-8052-5F2A2E5373C2}.Release|Any CPU.ActiveCfg = Release|Any CPU
		{47420417-9917-49E9-8052-5F2A2E5373C2}.Release|Any CPU.Build.0 = Release|Any CPU
		{FD84E9FE-10B0-48EF-8B51-EFC0DAEF5608}.Debug|Any CPU.ActiveCfg = Debug|Any CPU
		{FD84E9FE-10B0-48EF-8B51-EFC0DAEF5608}.Debug|Any CPU.Build.0 = Debug|Any CPU
		{FD84E9FE-10B0-48EF-8B51-EFC0DAEF5608}.Release|Any CPU.ActiveCfg = Release|Any CPU
		{FD84E9FE-10B0-48EF-8B51-EFC0DAEF5608}.Release|Any CPU.Build.0 = Release|Any CPU
	EndGlobalSection
	GlobalSection(SolutionProperties) = preSolution
		HideSolutionNode = FALSE
	EndGlobalSection
EndGlobal
